
Microsoft Visual Studio Solution File, Format Version 12.00
# Visual Studio Version 17
VisualStudioVersion = 17.2.32526.322
MinimumVisualStudioVersion = 10.0.40219.1
Project("{9A19103F-16F7-4668-BE54-9A1E7A4F7556}") = "ChuckDeviceController", "ChuckDeviceController\ChuckDeviceController.csproj", "{9A5A762D-262E-4130-A19B-08EA55E577A4}"
EndProject
Project("{9A19103F-16F7-4668-BE54-9A1E7A4F7556}") = "ChuckDeviceConfigurator", "ChuckDeviceConfigurator\ChuckDeviceConfigurator.csproj", "{3FFEE2BD-2869-4EF1-82A5-503683D161B5}"
EndProject
Project("{2150E333-8FDC-42A3-9474-1A3956D46DE8}") = "Libs", "Libs", "{D1B4D6CD-F73D-4216-AA3F-7A5B79CBB047}"
EndProject
Project("{9A19103F-16F7-4668-BE54-9A1E7A4F7556}") = "ChuckDeviceController.Data", "Libs\ChuckDeviceController.Data\ChuckDeviceController.Data.csproj", "{6218F3F6-DD4B-489B-ADF4-E491C9C62BC3}"
EndProject
Project("{9A19103F-16F7-4668-BE54-9A1E7A4F7556}") = "ChuckDeviceController.Extensions", "Libs\ChuckDeviceController.Extensions\ChuckDeviceController.Extensions.csproj", "{8B92A7E3-AB92-4511-94D3-742036C2A41F}"
EndProject
Project("{9A19103F-16F7-4668-BE54-9A1E7A4F7556}") = "ChuckDeviceController.Geometry", "Libs\ChuckDeviceController.Geometry\ChuckDeviceController.Geometry.csproj", "{DA16D6C9-6FF6-4E04-90DA-59511DE51652}"
EndProject
Project("{9A19103F-16F7-4668-BE54-9A1E7A4F7556}") = "ChuckDeviceController.Configuration", "Libs\ChuckDeviceController.Configuration\ChuckDeviceController.Configuration.csproj", "{59AE3392-3EEF-48AF-94C5-349C424E5AC4}"
EndProject
Project("{9A19103F-16F7-4668-BE54-9A1E7A4F7556}") = "ChuckDeviceController.Protos", "Libs\ChuckDeviceController.Protos\ChuckDeviceController.Protos.csproj", "{B83E2A63-EFA0-4CEA-A1E7-D1FC6E32836D}"
EndProject
Project("{9A19103F-16F7-4668-BE54-9A1E7A4F7556}") = "ChuckDeviceController.Pvp", "Libs\ChuckDeviceController.Pvp\ChuckDeviceController.Pvp.csproj", "{2572D7B8-A332-42ED-B72C-DA5782192C39}"
EndProject
Project("{2150E333-8FDC-42A3-9474-1A3956D46DE8}") = "Tests", "Tests", "{8F292B41-6BD7-4AEC-AB77-B9988E820368}"
EndProject
Project("{9A19103F-16F7-4668-BE54-9A1E7A4F7556}") = "Tests", "Tests\Tests.csproj", "{F0C29FFE-CD55-455B-A45E-52F853116FF8}"
EndProject
Project("{9A19103F-16F7-4668-BE54-9A1E7A4F7556}") = "ChuckDeviceCommunicator", "ChuckDeviceCommunicator\ChuckDeviceCommunicator.csproj", "{00ED1BCE-3DFA-49BE-80BA-C73A3DADAB5D}"
EndProject
Project("{9A19103F-16F7-4668-BE54-9A1E7A4F7556}") = "ChuckDeviceController.Net", "Libs\ChuckDeviceController.Net\ChuckDeviceController.Net.csproj", "{4EC85B94-B6FF-4955-A935-D43BC0F41EF7}"
EndProject
Project("{9A19103F-16F7-4668-BE54-9A1E7A4F7556}") = "ChuckDeviceController.Extensions.Json", "Libs\ChuckDeviceController.Extensions.Json\ChuckDeviceController.Extensions.Json.csproj", "{128BCA49-646E-4AC8-9A40-6F56852DAEB1}"
EndProject
Project("{9A19103F-16F7-4668-BE54-9A1E7A4F7556}") = "ChuckDeviceController.Collections", "Libs\ChuckDeviceController.Collections\ChuckDeviceController.Collections.csproj", "{F2DE7FDF-86AE-4B4C-9BDA-A11478073E02}"
EndProject
Global
	GlobalSection(SolutionConfigurationPlatforms) = preSolution
		Debug|Any CPU = Debug|Any CPU
		Release|Any CPU = Release|Any CPU
	EndGlobalSection
	GlobalSection(ProjectConfigurationPlatforms) = postSolution
		{9A5A762D-262E-4130-A19B-08EA55E577A4}.Debug|Any CPU.ActiveCfg = Debug|Any CPU
		{9A5A762D-262E-4130-A19B-08EA55E577A4}.Debug|Any CPU.Build.0 = Debug|Any CPU
		{9A5A762D-262E-4130-A19B-08EA55E577A4}.Release|Any CPU.ActiveCfg = Release|Any CPU
		{9A5A762D-262E-4130-A19B-08EA55E577A4}.Release|Any CPU.Build.0 = Release|Any CPU
		{3FFEE2BD-2869-4EF1-82A5-503683D161B5}.Debug|Any CPU.ActiveCfg = Debug|Any CPU
		{3FFEE2BD-2869-4EF1-82A5-503683D161B5}.Debug|Any CPU.Build.0 = Debug|Any CPU
		{3FFEE2BD-2869-4EF1-82A5-503683D161B5}.Release|Any CPU.ActiveCfg = Release|Any CPU
		{3FFEE2BD-2869-4EF1-82A5-503683D161B5}.Release|Any CPU.Build.0 = Release|Any CPU
		{6218F3F6-DD4B-489B-ADF4-E491C9C62BC3}.Debug|Any CPU.ActiveCfg = Debug|Any CPU
		{6218F3F6-DD4B-489B-ADF4-E491C9C62BC3}.Debug|Any CPU.Build.0 = Debug|Any CPU
		{6218F3F6-DD4B-489B-ADF4-E491C9C62BC3}.Release|Any CPU.ActiveCfg = Release|Any CPU
		{6218F3F6-DD4B-489B-ADF4-E491C9C62BC3}.Release|Any CPU.Build.0 = Release|Any CPU
		{8B92A7E3-AB92-4511-94D3-742036C2A41F}.Debug|Any CPU.ActiveCfg = Debug|Any CPU
		{8B92A7E3-AB92-4511-94D3-742036C2A41F}.Debug|Any CPU.Build.0 = Debug|Any CPU
		{8B92A7E3-AB92-4511-94D3-742036C2A41F}.Release|Any CPU.ActiveCfg = Release|Any CPU
		{8B92A7E3-AB92-4511-94D3-742036C2A41F}.Release|Any CPU.Build.0 = Release|Any CPU
		{DA16D6C9-6FF6-4E04-90DA-59511DE51652}.Debug|Any CPU.ActiveCfg = Debug|Any CPU
		{DA16D6C9-6FF6-4E04-90DA-59511DE51652}.Debug|Any CPU.Build.0 = Debug|Any CPU
		{DA16D6C9-6FF6-4E04-90DA-59511DE51652}.Release|Any CPU.ActiveCfg = Release|Any CPU
		{DA16D6C9-6FF6-4E04-90DA-59511DE51652}.Release|Any CPU.Build.0 = Release|Any CPU
		{59AE3392-3EEF-48AF-94C5-349C424E5AC4}.Debug|Any CPU.ActiveCfg = Debug|Any CPU
		{59AE3392-3EEF-48AF-94C5-349C424E5AC4}.Debug|Any CPU.Build.0 = Debug|Any CPU
		{59AE3392-3EEF-48AF-94C5-349C424E5AC4}.Release|Any CPU.ActiveCfg = Release|Any CPU
		{59AE3392-3EEF-48AF-94C5-349C424E5AC4}.Release|Any CPU.Build.0 = Release|Any CPU
		{B83E2A63-EFA0-4CEA-A1E7-D1FC6E32836D}.Debug|Any CPU.ActiveCfg = Debug|Any CPU
		{B83E2A63-EFA0-4CEA-A1E7-D1FC6E32836D}.Debug|Any CPU.Build.0 = Debug|Any CPU
		{B83E2A63-EFA0-4CEA-A1E7-D1FC6E32836D}.Release|Any CPU.ActiveCfg = Release|Any CPU
		{B83E2A63-EFA0-4CEA-A1E7-D1FC6E32836D}.Release|Any CPU.Build.0 = Release|Any CPU
		{2572D7B8-A332-42ED-B72C-DA5782192C39}.Debug|Any CPU.ActiveCfg = Debug|Any CPU
		{2572D7B8-A332-42ED-B72C-DA5782192C39}.Debug|Any CPU.Build.0 = Debug|Any CPU
		{2572D7B8-A332-42ED-B72C-DA5782192C39}.Release|Any CPU.ActiveCfg = Release|Any CPU
		{2572D7B8-A332-42ED-B72C-DA5782192C39}.Release|Any CPU.Build.0 = Release|Any CPU
		{F0C29FFE-CD55-455B-A45E-52F853116FF8}.Debug|Any CPU.ActiveCfg = Debug|Any CPU
		{F0C29FFE-CD55-455B-A45E-52F853116FF8}.Debug|Any CPU.Build.0 = Debug|Any CPU
		{F0C29FFE-CD55-455B-A45E-52F853116FF8}.Release|Any CPU.ActiveCfg = Release|Any CPU
		{F0C29FFE-CD55-455B-A45E-52F853116FF8}.Release|Any CPU.Build.0 = Release|Any CPU
		{00ED1BCE-3DFA-49BE-80BA-C73A3DADAB5D}.Debug|Any CPU.ActiveCfg = Debug|Any CPU
		{00ED1BCE-3DFA-49BE-80BA-C73A3DADAB5D}.Debug|Any CPU.Build.0 = Debug|Any CPU
		{00ED1BCE-3DFA-49BE-80BA-C73A3DADAB5D}.Release|Any CPU.ActiveCfg = Release|Any CPU
		{00ED1BCE-3DFA-49BE-80BA-C73A3DADAB5D}.Release|Any CPU.Build.0 = Release|Any CPU
		{4EC85B94-B6FF-4955-A935-D43BC0F41EF7}.Debug|Any CPU.ActiveCfg = Debug|Any CPU
		{4EC85B94-B6FF-4955-A935-D43BC0F41EF7}.Debug|Any CPU.Build.0 = Debug|Any CPU
		{4EC85B94-B6FF-4955-A935-D43BC0F41EF7}.Release|Any CPU.ActiveCfg = Release|Any CPU
		{4EC85B94-B6FF-4955-A935-D43BC0F41EF7}.Release|Any CPU.Build.0 = Release|Any CPU
		{128BCA49-646E-4AC8-9A40-6F56852DAEB1}.Debug|Any CPU.ActiveCfg = Debug|Any CPU
		{128BCA49-646E-4AC8-9A40-6F56852DAEB1}.Debug|Any CPU.Build.0 = Debug|Any CPU
		{128BCA49-646E-4AC8-9A40-6F56852DAEB1}.Release|Any CPU.ActiveCfg = Release|Any CPU
		{128BCA49-646E-4AC8-9A40-6F56852DAEB1}.Release|Any CPU.Build.0 = Release|Any CPU
		{F2DE7FDF-86AE-4B4C-9BDA-A11478073E02}.Debug|Any CPU.ActiveCfg = Debug|Any CPU
		{F2DE7FDF-86AE-4B4C-9BDA-A11478073E02}.Debug|Any CPU.Build.0 = Debug|Any CPU
		{F2DE7FDF-86AE-4B4C-9BDA-A11478073E02}.Release|Any CPU.ActiveCfg = Release|Any CPU
		{F2DE7FDF-86AE-4B4C-9BDA-A11478073E02}.Release|Any CPU.Build.0 = Release|Any CPU
	EndGlobalSection
	GlobalSection(SolutionProperties) = preSolution
		HideSolutionNode = FALSE
	EndGlobalSection
	GlobalSection(NestedProjects) = preSolution
		{6218F3F6-DD4B-489B-ADF4-E491C9C62BC3} = {D1B4D6CD-F73D-4216-AA3F-7A5B79CBB047}
		{8B92A7E3-AB92-4511-94D3-742036C2A41F} = {D1B4D6CD-F73D-4216-AA3F-7A5B79CBB047}
		{DA16D6C9-6FF6-4E04-90DA-59511DE51652} = {D1B4D6CD-F73D-4216-AA3F-7A5B79CBB047}
		{59AE3392-3EEF-48AF-94C5-349C424E5AC4} = {D1B4D6CD-F73D-4216-AA3F-7A5B79CBB047}
		{B83E2A63-EFA0-4CEA-A1E7-D1FC6E32836D} = {D1B4D6CD-F73D-4216-AA3F-7A5B79CBB047}
		{2572D7B8-A332-42ED-B72C-DA5782192C39} = {D1B4D6CD-F73D-4216-AA3F-7A5B79CBB047}
		{F0C29FFE-CD55-455B-A45E-52F853116FF8} = {8F292B41-6BD7-4AEC-AB77-B9988E820368}
		{4EC85B94-B6FF-4955-A935-D43BC0F41EF7} = {D1B4D6CD-F73D-4216-AA3F-7A5B79CBB047}
		{128BCA49-646E-4AC8-9A40-6F56852DAEB1} = {D1B4D6CD-F73D-4216-AA3F-7A5B79CBB047}
		{F2DE7FDF-86AE-4B4C-9BDA-A11478073E02} = {D1B4D6CD-F73D-4216-AA3F-7A5B79CBB047}
	EndGlobalSection
	GlobalSection(ExtensibilityGlobals) = postSolution
		SolutionGuid = {826A78C7-B0DA-4D44-AF8E-BDDBFCE8F569}
	EndGlobalSection
EndGlobal
