
Microsoft Visual Studio Solution File, Format Version 12.00
# Visual Studio Version 17
VisualStudioVersion = 17.2.32526.322
MinimumVisualStudioVersion = 10.0.40219.1
Project("{9A19103F-16F7-4668-BE54-9A1E7A4F7556}") = "ChuckDeviceController", "ChuckDeviceController\ChuckDeviceController.csproj", "{9A5A762D-262E-4130-A19B-08EA55E577A4}"
EndProject
Project("{9A19103F-16F7-4668-BE54-9A1E7A4F7556}") = "ChuckDeviceConfigurator", "ChuckDeviceConfigurator\ChuckDeviceConfigurator.csproj", "{3FFEE2BD-2869-4EF1-82A5-503683D161B5}"
EndProject
Project("{2150E333-8FDC-42A3-9474-1A3956D46DE8}") = "Libs", "Libs", "{D1B4D6CD-F73D-4216-AA3F-7A5B79CBB047}"
EndProject
Project("{9A19103F-16F7-4668-BE54-9A1E7A4F7556}") = "ChuckDeviceController.Data", "Libs\ChuckDeviceController.Data\ChuckDeviceController.Data.csproj", "{6218F3F6-DD4B-489B-ADF4-E491C9C62BC3}"
EndProject
Project("{9A19103F-16F7-4668-BE54-9A1E7A4F7556}") = "ChuckDeviceController.Extensions", "Libs\ChuckDeviceController.Extensions\ChuckDeviceController.Extensions.csproj", "{8B92A7E3-AB92-4511-94D3-742036C2A41F}"
EndProject
Project("{9A19103F-16F7-4668-BE54-9A1E7A4F7556}") = "ChuckDeviceController.Geometry", "Libs\ChuckDeviceController.Geometry\ChuckDeviceController.Geometry.csproj", "{DA16D6C9-6FF6-4E04-90DA-59511DE51652}"
EndProject
Project("{9A19103F-16F7-4668-BE54-9A1E7A4F7556}") = "ChuckDeviceController.Configuration", "Libs\ChuckDeviceController.Configuration\ChuckDeviceController.Configuration.csproj", "{59AE3392-3EEF-48AF-94C5-349C424E5AC4}"
EndProject
Project("{9A19103F-16F7-4668-BE54-9A1E7A4F7556}") = "ChuckDeviceController.Protos", "Libs\ChuckDeviceController.Protos\ChuckDeviceController.Protos.csproj", "{B83E2A63-EFA0-4CEA-A1E7-D1FC6E32836D}"
EndProject
Project("{9A19103F-16F7-4668-BE54-9A1E7A4F7556}") = "ChuckDeviceController.Pvp", "Libs\ChuckDeviceController.Pvp\ChuckDeviceController.Pvp.csproj", "{2572D7B8-A332-42ED-B72C-DA5782192C39}"
EndProject
Project("{2150E333-8FDC-42A3-9474-1A3956D46DE8}") = "Tests", "Tests", "{8F292B41-6BD7-4AEC-AB77-B9988E820368}"
EndProject
Project("{9A19103F-16F7-4668-BE54-9A1E7A4F7556}") = "Tests", "Tests\Tests.csproj", "{F0C29FFE-CD55-455B-A45E-52F853116FF8}"
EndProject
Project("{9A19103F-16F7-4668-BE54-9A1E7A4F7556}") = "ChuckDeviceCommunicator", "ChuckDeviceCommunicator\ChuckDeviceCommunicator.csproj", "{00ED1BCE-3DFA-49BE-80BA-C73A3DADAB5D}"
EndProject
Project("{9A19103F-16F7-4668-BE54-9A1E7A4F7556}") = "ChuckDeviceController.Net", "Libs\ChuckDeviceController.Net\ChuckDeviceController.Net.csproj", "{4EC85B94-B6FF-4955-A935-D43BC0F41EF7}"
EndProject
Project("{9A19103F-16F7-4668-BE54-9A1E7A4F7556}") = "ChuckDeviceController.Extensions.Json", "Libs\ChuckDeviceController.Extensions.Json\ChuckDeviceController.Extensions.Json.csproj", "{128BCA49-646E-4AC8-9A40-6F56852DAEB1}"
EndProject
Project("{9A19103F-16F7-4668-BE54-9A1E7A4F7556}") = "ChuckDeviceController.Collections", "Libs\ChuckDeviceController.Collections\ChuckDeviceController.Collections.csproj", "{F2DE7FDF-86AE-4B4C-9BDA-A11478073E02}"
EndProject
Project("{9A19103F-16F7-4668-BE54-9A1E7A4F7556}") = "ChuckDeviceController.Plugin", "Libs\ChuckDeviceController.Plugin\ChuckDeviceController.Plugin.csproj", "{538CD587-906D-49E0-A9D0-B3BBE9147FD7}"
EndProject
Project("{2150E333-8FDC-42A3-9474-1A3956D46DE8}") = "Plugins", "Plugins", "{12D874BB-7F7B-4D2E-AB42-2630710A8577}"
EndProject
Project("{9A19103F-16F7-4668-BE54-9A1E7A4F7556}") = "TestPlugin", "Plugins\TestPlugin\TestPlugin.csproj", "{F294E647-767A-4351-BB36-1D19563EDAF0}"
EndProject
Project("{9A19103F-16F7-4668-BE54-9A1E7A4F7556}") = "ChuckDeviceController.Common", "Libs\ChuckDeviceController.Common\ChuckDeviceController.Common.csproj", "{FBF9139F-1F5F-4AF2-AF44-8EEB3F8BFF62}"
EndProject
Project("{9A19103F-16F7-4668-BE54-9A1E7A4F7556}") = "ChuckDeviceController.PluginManager", "Libs\ChuckDeviceController.PluginManager\ChuckDeviceController.PluginManager.csproj", "{F6C2D993-55C7-431E-9A0E-007AA5381729}"
EndProject
Project("{9A19103F-16F7-4668-BE54-9A1E7A4F7556}") = "Example.DotNetCorePlugin", "Plugins\Example.DotNetCorePlugin\Example.DotNetCorePlugin.csproj", "{532CA014-13EB-4B5D-A297-17E367FBEAB2}"
EndProject
Project("{9A19103F-16F7-4668-BE54-9A1E7A4F7556}") = "RobotsPlugin", "Plugins\RobotsPlugin\RobotsPlugin.csproj", "{8C1469EB-3A0E-4348-A9AC-D0FA2756DF2A}"
EndProject
Project("{9A19103F-16F7-4668-BE54-9A1E7A4F7556}") = "DeviceAuthPlugin", "Plugins\DeviceAuthPlugin\DeviceAuthPlugin.csproj", "{C9B7D6E4-0257-440F-A0CA-27077ED6A563}"
EndProject
Project("{9A19103F-16F7-4668-BE54-9A1E7A4F7556}") = "ChuckDeviceController.Plugin.Helpers", "Libs\ChuckDeviceController.Plugin.Helpers\ChuckDeviceController.Plugin.Helpers.csproj", "{107200F7-F181-4C1B-8291-A4957FDF80E6}"
EndProject
Project("{9A19103F-16F7-4668-BE54-9A1E7A4F7556}") = "TodoPlugin", "Plugins\TodoPlugin\TodoPlugin.csproj", "{126F2FF7-E1F3-4227-A011-76D93A61A739}"
EndProject
Project("{9A19103F-16F7-4668-BE54-9A1E7A4F7556}") = "RedditAuthProviderPlugin", "Plugins\RedditAuthProviderPlugin\RedditAuthProviderPlugin.csproj", "{3D033823-7360-4A1F-AE24-C814815CB8BC}"
EndProject
Project("{2150E333-8FDC-42A3-9474-1A3956D46DE8}") = "Templates", "Templates", "{1F67100D-811A-4A1D-B6F1-3A557F2A8C2B}"
EndProject
Project("{9A19103F-16F7-4668-BE54-9A1E7A4F7556}") = "ChuckPluginRazor", "Templates\ChuckPluginRazor\ChuckPluginRazor.csproj", "{807F4C80-AE60-4DAD-AB58-5DB299A31586}"
EndProject
Project("{9A19103F-16F7-4668-BE54-9A1E7A4F7556}") = "ChuckPluginMvc", "Templates\ChuckPluginMvc\ChuckPluginMvc.csproj", "{A12F8E4A-E8A2-4449-9D8A-4E554DFA656B}"
EndProject
Project("{9A19103F-16F7-4668-BE54-9A1E7A4F7556}") = "ChuckPlugin", "Templates\ChuckPlugin\ChuckPlugin.csproj", "{1357315E-1FDD-4305-A533-EEC65A57C5B6}"
EndProject
Project("{9A19103F-16F7-4668-BE54-9A1E7A4F7556}") = "GitLabAuthProviderPlugin", "Plugins\GitLabAuthProviderPlugin\GitLabAuthProviderPlugin.csproj", "{27EAA9E8-FED3-4957-9282-F438224184C0}"
EndProject
Project("{9A19103F-16F7-4668-BE54-9A1E7A4F7556}") = "BitBucketAuthProviderPlugin", "Plugins\BitBucketAuthProviderPlugin\BitBucketAuthProviderPlugin.csproj", "{1D4E7DBC-F4E0-4979-A8A4-A393D8A746A2}"
EndProject
Project("{9A19103F-16F7-4668-BE54-9A1E7A4F7556}") = "VisualStudioAuthProviderPlugin", "Plugins\VisualStudioAuthProviderPlugin\VisualStudioAuthProviderPlugin.csproj", "{1E59CE03-59F6-425C-9BBB-4B8C0B6DED29}"
EndProject
Project("{9A19103F-16F7-4668-BE54-9A1E7A4F7556}") = "RequestBenchmarkPlugin", "Plugins\RequestBenchmarkPlugin\RequestBenchmarkPlugin.csproj", "{820042BE-6FB9-469A-95C7-4E0B034EE4B6}"
EndProject
Project("{9A19103F-16F7-4668-BE54-9A1E7A4F7556}") = "ChuckDeviceController.Extensions.Data", "Libs\ChuckDeviceController.Extensions.Data\ChuckDeviceController.Extensions.Data.csproj", "{C590B900-2D6D-471A-A131-9FBDE7673525}"
EndProject
Project("{9A19103F-16F7-4668-BE54-9A1E7A4F7556}") = "RazorTestPlugin", "Plugins\RazorTestPlugin\RazorTestPlugin.csproj", "{33AC5844-1F41-44C4-BFDF-C6ACD4FC6DC7}"
EndProject
Project("{FAE04EC0-301F-11D3-BF4B-00C04F79EFBC}") = "PogoEventsPlugin", "Plugins\PogoEventsPlugin\PogoEventsPlugin.csproj", "{30FCE01D-0AB5-4783-BC26-1CD8B4E5CC7F}"
EndProject
Project("{FAE04EC0-301F-11D3-BF4B-00C04F79EFBC}") = "MemoryBenchmarkPlugin", "Plugins\MemoryBenchmarkPlugin\MemoryBenchmarkPlugin.csproj", "{084A7AF8-E76D-41BE-BF96-97763B2022E0}"
EndProject
Global
	GlobalSection(SolutionConfigurationPlatforms) = preSolution
		Debug|Any CPU = Debug|Any CPU
		Release|Any CPU = Release|Any CPU
	EndGlobalSection
	GlobalSection(ProjectConfigurationPlatforms) = postSolution
		{9A5A762D-262E-4130-A19B-08EA55E577A4}.Debug|Any CPU.ActiveCfg = Debug|Any CPU
		{9A5A762D-262E-4130-A19B-08EA55E577A4}.Debug|Any CPU.Build.0 = Debug|Any CPU
		{9A5A762D-262E-4130-A19B-08EA55E577A4}.Release|Any CPU.ActiveCfg = Release|Any CPU
		{9A5A762D-262E-4130-A19B-08EA55E577A4}.Release|Any CPU.Build.0 = Release|Any CPU
		{3FFEE2BD-2869-4EF1-82A5-503683D161B5}.Debug|Any CPU.ActiveCfg = Debug|Any CPU
		{3FFEE2BD-2869-4EF1-82A5-503683D161B5}.Debug|Any CPU.Build.0 = Debug|Any CPU
		{3FFEE2BD-2869-4EF1-82A5-503683D161B5}.Release|Any CPU.ActiveCfg = Release|Any CPU
		{3FFEE2BD-2869-4EF1-82A5-503683D161B5}.Release|Any CPU.Build.0 = Release|Any CPU
		{6218F3F6-DD4B-489B-ADF4-E491C9C62BC3}.Debug|Any CPU.ActiveCfg = Debug|Any CPU
		{6218F3F6-DD4B-489B-ADF4-E491C9C62BC3}.Debug|Any CPU.Build.0 = Debug|Any CPU
		{6218F3F6-DD4B-489B-ADF4-E491C9C62BC3}.Release|Any CPU.ActiveCfg = Release|Any CPU
		{6218F3F6-DD4B-489B-ADF4-E491C9C62BC3}.Release|Any CPU.Build.0 = Release|Any CPU
		{8B92A7E3-AB92-4511-94D3-742036C2A41F}.Debug|Any CPU.ActiveCfg = Debug|Any CPU
		{8B92A7E3-AB92-4511-94D3-742036C2A41F}.Debug|Any CPU.Build.0 = Debug|Any CPU
		{8B92A7E3-AB92-4511-94D3-742036C2A41F}.Release|Any CPU.ActiveCfg = Release|Any CPU
		{8B92A7E3-AB92-4511-94D3-742036C2A41F}.Release|Any CPU.Build.0 = Release|Any CPU
		{DA16D6C9-6FF6-4E04-90DA-59511DE51652}.Debug|Any CPU.ActiveCfg = Debug|Any CPU
		{DA16D6C9-6FF6-4E04-90DA-59511DE51652}.Debug|Any CPU.Build.0 = Debug|Any CPU
		{DA16D6C9-6FF6-4E04-90DA-59511DE51652}.Release|Any CPU.ActiveCfg = Release|Any CPU
		{DA16D6C9-6FF6-4E04-90DA-59511DE51652}.Release|Any CPU.Build.0 = Release|Any CPU
		{59AE3392-3EEF-48AF-94C5-349C424E5AC4}.Debug|Any CPU.ActiveCfg = Debug|Any CPU
		{59AE3392-3EEF-48AF-94C5-349C424E5AC4}.Debug|Any CPU.Build.0 = Debug|Any CPU
		{59AE3392-3EEF-48AF-94C5-349C424E5AC4}.Release|Any CPU.ActiveCfg = Release|Any CPU
		{59AE3392-3EEF-48AF-94C5-349C424E5AC4}.Release|Any CPU.Build.0 = Release|Any CPU
		{B83E2A63-EFA0-4CEA-A1E7-D1FC6E32836D}.Debug|Any CPU.ActiveCfg = Debug|Any CPU
		{B83E2A63-EFA0-4CEA-A1E7-D1FC6E32836D}.Debug|Any CPU.Build.0 = Debug|Any CPU
		{B83E2A63-EFA0-4CEA-A1E7-D1FC6E32836D}.Release|Any CPU.ActiveCfg = Release|Any CPU
		{B83E2A63-EFA0-4CEA-A1E7-D1FC6E32836D}.Release|Any CPU.Build.0 = Release|Any CPU
		{2572D7B8-A332-42ED-B72C-DA5782192C39}.Debug|Any CPU.ActiveCfg = Debug|Any CPU
		{2572D7B8-A332-42ED-B72C-DA5782192C39}.Debug|Any CPU.Build.0 = Debug|Any CPU
		{2572D7B8-A332-42ED-B72C-DA5782192C39}.Release|Any CPU.ActiveCfg = Release|Any CPU
		{2572D7B8-A332-42ED-B72C-DA5782192C39}.Release|Any CPU.Build.0 = Release|Any CPU
		{F0C29FFE-CD55-455B-A45E-52F853116FF8}.Debug|Any CPU.ActiveCfg = Debug|Any CPU
		{F0C29FFE-CD55-455B-A45E-52F853116FF8}.Debug|Any CPU.Build.0 = Debug|Any CPU
		{F0C29FFE-CD55-455B-A45E-52F853116FF8}.Release|Any CPU.ActiveCfg = Release|Any CPU
		{F0C29FFE-CD55-455B-A45E-52F853116FF8}.Release|Any CPU.Build.0 = Release|Any CPU
		{00ED1BCE-3DFA-49BE-80BA-C73A3DADAB5D}.Debug|Any CPU.ActiveCfg = Debug|Any CPU
		{00ED1BCE-3DFA-49BE-80BA-C73A3DADAB5D}.Debug|Any CPU.Build.0 = Debug|Any CPU
		{00ED1BCE-3DFA-49BE-80BA-C73A3DADAB5D}.Release|Any CPU.ActiveCfg = Release|Any CPU
		{00ED1BCE-3DFA-49BE-80BA-C73A3DADAB5D}.Release|Any CPU.Build.0 = Release|Any CPU
		{4EC85B94-B6FF-4955-A935-D43BC0F41EF7}.Debug|Any CPU.ActiveCfg = Debug|Any CPU
		{4EC85B94-B6FF-4955-A935-D43BC0F41EF7}.Debug|Any CPU.Build.0 = Debug|Any CPU
		{4EC85B94-B6FF-4955-A935-D43BC0F41EF7}.Release|Any CPU.ActiveCfg = Release|Any CPU
		{4EC85B94-B6FF-4955-A935-D43BC0F41EF7}.Release|Any CPU.Build.0 = Release|Any CPU
		{128BCA49-646E-4AC8-9A40-6F56852DAEB1}.Debug|Any CPU.ActiveCfg = Debug|Any CPU
		{128BCA49-646E-4AC8-9A40-6F56852DAEB1}.Debug|Any CPU.Build.0 = Debug|Any CPU
		{128BCA49-646E-4AC8-9A40-6F56852DAEB1}.Release|Any CPU.ActiveCfg = Release|Any CPU
		{128BCA49-646E-4AC8-9A40-6F56852DAEB1}.Release|Any CPU.Build.0 = Release|Any CPU
		{F2DE7FDF-86AE-4B4C-9BDA-A11478073E02}.Debug|Any CPU.ActiveCfg = Debug|Any CPU
		{F2DE7FDF-86AE-4B4C-9BDA-A11478073E02}.Debug|Any CPU.Build.0 = Debug|Any CPU
		{F2DE7FDF-86AE-4B4C-9BDA-A11478073E02}.Release|Any CPU.ActiveCfg = Release|Any CPU
		{F2DE7FDF-86AE-4B4C-9BDA-A11478073E02}.Release|Any CPU.Build.0 = Release|Any CPU
		{538CD587-906D-49E0-A9D0-B3BBE9147FD7}.Debug|Any CPU.ActiveCfg = Debug|Any CPU
		{538CD587-906D-49E0-A9D0-B3BBE9147FD7}.Debug|Any CPU.Build.0 = Debug|Any CPU
		{538CD587-906D-49E0-A9D0-B3BBE9147FD7}.Release|Any CPU.ActiveCfg = Release|Any CPU
		{538CD587-906D-49E0-A9D0-B3BBE9147FD7}.Release|Any CPU.Build.0 = Release|Any CPU
		{F294E647-767A-4351-BB36-1D19563EDAF0}.Debug|Any CPU.ActiveCfg = Debug|Any CPU
		{F294E647-767A-4351-BB36-1D19563EDAF0}.Debug|Any CPU.Build.0 = Debug|Any CPU
		{F294E647-767A-4351-BB36-1D19563EDAF0}.Release|Any CPU.ActiveCfg = Release|Any CPU
		{F294E647-767A-4351-BB36-1D19563EDAF0}.Release|Any CPU.Build.0 = Release|Any CPU
		{FBF9139F-1F5F-4AF2-AF44-8EEB3F8BFF62}.Debug|Any CPU.ActiveCfg = Debug|Any CPU
		{FBF9139F-1F5F-4AF2-AF44-8EEB3F8BFF62}.Debug|Any CPU.Build.0 = Debug|Any CPU
		{FBF9139F-1F5F-4AF2-AF44-8EEB3F8BFF62}.Release|Any CPU.ActiveCfg = Release|Any CPU
		{FBF9139F-1F5F-4AF2-AF44-8EEB3F8BFF62}.Release|Any CPU.Build.0 = Release|Any CPU
		{F6C2D993-55C7-431E-9A0E-007AA5381729}.Debug|Any CPU.ActiveCfg = Debug|Any CPU
		{F6C2D993-55C7-431E-9A0E-007AA5381729}.Debug|Any CPU.Build.0 = Debug|Any CPU
		{F6C2D993-55C7-431E-9A0E-007AA5381729}.Release|Any CPU.ActiveCfg = Release|Any CPU
		{F6C2D993-55C7-431E-9A0E-007AA5381729}.Release|Any CPU.Build.0 = Release|Any CPU
		{532CA014-13EB-4B5D-A297-17E367FBEAB2}.Debug|Any CPU.ActiveCfg = Debug|Any CPU
		{532CA014-13EB-4B5D-A297-17E367FBEAB2}.Debug|Any CPU.Build.0 = Debug|Any CPU
		{532CA014-13EB-4B5D-A297-17E367FBEAB2}.Release|Any CPU.ActiveCfg = Release|Any CPU
		{532CA014-13EB-4B5D-A297-17E367FBEAB2}.Release|Any CPU.Build.0 = Release|Any CPU
		{8C1469EB-3A0E-4348-A9AC-D0FA2756DF2A}.Debug|Any CPU.ActiveCfg = Debug|Any CPU
		{8C1469EB-3A0E-4348-A9AC-D0FA2756DF2A}.Debug|Any CPU.Build.0 = Debug|Any CPU
		{8C1469EB-3A0E-4348-A9AC-D0FA2756DF2A}.Release|Any CPU.ActiveCfg = Release|Any CPU
		{8C1469EB-3A0E-4348-A9AC-D0FA2756DF2A}.Release|Any CPU.Build.0 = Release|Any CPU
		{C9B7D6E4-0257-440F-A0CA-27077ED6A563}.Debug|Any CPU.ActiveCfg = Debug|Any CPU
		{C9B7D6E4-0257-440F-A0CA-27077ED6A563}.Debug|Any CPU.Build.0 = Debug|Any CPU
		{C9B7D6E4-0257-440F-A0CA-27077ED6A563}.Release|Any CPU.ActiveCfg = Release|Any CPU
		{C9B7D6E4-0257-440F-A0CA-27077ED6A563}.Release|Any CPU.Build.0 = Release|Any CPU
		{107200F7-F181-4C1B-8291-A4957FDF80E6}.Debug|Any CPU.ActiveCfg = Debug|Any CPU
		{107200F7-F181-4C1B-8291-A4957FDF80E6}.Debug|Any CPU.Build.0 = Debug|Any CPU
		{107200F7-F181-4C1B-8291-A4957FDF80E6}.Release|Any CPU.ActiveCfg = Release|Any CPU
		{107200F7-F181-4C1B-8291-A4957FDF80E6}.Release|Any CPU.Build.0 = Release|Any CPU
		{126F2FF7-E1F3-4227-A011-76D93A61A739}.Debug|Any CPU.ActiveCfg = Debug|Any CPU
		{126F2FF7-E1F3-4227-A011-76D93A61A739}.Debug|Any CPU.Build.0 = Debug|Any CPU
		{126F2FF7-E1F3-4227-A011-76D93A61A739}.Release|Any CPU.ActiveCfg = Release|Any CPU
		{126F2FF7-E1F3-4227-A011-76D93A61A739}.Release|Any CPU.Build.0 = Release|Any CPU
		{3D033823-7360-4A1F-AE24-C814815CB8BC}.Debug|Any CPU.ActiveCfg = Debug|Any CPU
		{3D033823-7360-4A1F-AE24-C814815CB8BC}.Debug|Any CPU.Build.0 = Debug|Any CPU
		{3D033823-7360-4A1F-AE24-C814815CB8BC}.Release|Any CPU.ActiveCfg = Release|Any CPU
		{3D033823-7360-4A1F-AE24-C814815CB8BC}.Release|Any CPU.Build.0 = Release|Any CPU
		{807F4C80-AE60-4DAD-AB58-5DB299A31586}.Debug|Any CPU.ActiveCfg = Debug|Any CPU
		{807F4C80-AE60-4DAD-AB58-5DB299A31586}.Debug|Any CPU.Build.0 = Debug|Any CPU
		{807F4C80-AE60-4DAD-AB58-5DB299A31586}.Release|Any CPU.ActiveCfg = Release|Any CPU
		{807F4C80-AE60-4DAD-AB58-5DB299A31586}.Release|Any CPU.Build.0 = Release|Any CPU
		{A12F8E4A-E8A2-4449-9D8A-4E554DFA656B}.Debug|Any CPU.ActiveCfg = Debug|Any CPU
		{A12F8E4A-E8A2-4449-9D8A-4E554DFA656B}.Debug|Any CPU.Build.0 = Debug|Any CPU
		{A12F8E4A-E8A2-4449-9D8A-4E554DFA656B}.Release|Any CPU.ActiveCfg = Release|Any CPU
		{A12F8E4A-E8A2-4449-9D8A-4E554DFA656B}.Release|Any CPU.Build.0 = Release|Any CPU
		{1357315E-1FDD-4305-A533-EEC65A57C5B6}.Debug|Any CPU.ActiveCfg = Debug|Any CPU
		{1357315E-1FDD-4305-A533-EEC65A57C5B6}.Debug|Any CPU.Build.0 = Debug|Any CPU
		{1357315E-1FDD-4305-A533-EEC65A57C5B6}.Release|Any CPU.ActiveCfg = Release|Any CPU
		{1357315E-1FDD-4305-A533-EEC65A57C5B6}.Release|Any CPU.Build.0 = Release|Any CPU
		{27EAA9E8-FED3-4957-9282-F438224184C0}.Debug|Any CPU.ActiveCfg = Debug|Any CPU
		{27EAA9E8-FED3-4957-9282-F438224184C0}.Debug|Any CPU.Build.0 = Debug|Any CPU
		{27EAA9E8-FED3-4957-9282-F438224184C0}.Release|Any CPU.ActiveCfg = Release|Any CPU
		{27EAA9E8-FED3-4957-9282-F438224184C0}.Release|Any CPU.Build.0 = Release|Any CPU
		{1D4E7DBC-F4E0-4979-A8A4-A393D8A746A2}.Debug|Any CPU.ActiveCfg = Debug|Any CPU
		{1D4E7DBC-F4E0-4979-A8A4-A393D8A746A2}.Debug|Any CPU.Build.0 = Debug|Any CPU
		{1D4E7DBC-F4E0-4979-A8A4-A393D8A746A2}.Release|Any CPU.ActiveCfg = Release|Any CPU
		{1D4E7DBC-F4E0-4979-A8A4-A393D8A746A2}.Release|Any CPU.Build.0 = Release|Any CPU
		{1E59CE03-59F6-425C-9BBB-4B8C0B6DED29}.Debug|Any CPU.ActiveCfg = Debug|Any CPU
		{1E59CE03-59F6-425C-9BBB-4B8C0B6DED29}.Debug|Any CPU.Build.0 = Debug|Any CPU
		{1E59CE03-59F6-425C-9BBB-4B8C0B6DED29}.Release|Any CPU.ActiveCfg = Release|Any CPU
		{1E59CE03-59F6-425C-9BBB-4B8C0B6DED29}.Release|Any CPU.Build.0 = Release|Any CPU
		{820042BE-6FB9-469A-95C7-4E0B034EE4B6}.Debug|Any CPU.ActiveCfg = Debug|Any CPU
		{820042BE-6FB9-469A-95C7-4E0B034EE4B6}.Debug|Any CPU.Build.0 = Debug|Any CPU
		{820042BE-6FB9-469A-95C7-4E0B034EE4B6}.Release|Any CPU.ActiveCfg = Release|Any CPU
		{820042BE-6FB9-469A-95C7-4E0B034EE4B6}.Release|Any CPU.Build.0 = Release|Any CPU
		{C590B900-2D6D-471A-A131-9FBDE7673525}.Debug|Any CPU.ActiveCfg = Debug|Any CPU
		{C590B900-2D6D-471A-A131-9FBDE7673525}.Debug|Any CPU.Build.0 = Debug|Any CPU
		{C590B900-2D6D-471A-A131-9FBDE7673525}.Release|Any CPU.ActiveCfg = Release|Any CPU
		{C590B900-2D6D-471A-A131-9FBDE7673525}.Release|Any CPU.Build.0 = Release|Any CPU
		{33AC5844-1F41-44C4-BFDF-C6ACD4FC6DC7}.Debug|Any CPU.ActiveCfg = Debug|Any CPU
		{33AC5844-1F41-44C4-BFDF-C6ACD4FC6DC7}.Debug|Any CPU.Build.0 = Debug|Any CPU
		{33AC5844-1F41-44C4-BFDF-C6ACD4FC6DC7}.Release|Any CPU.ActiveCfg = Release|Any CPU
		{33AC5844-1F41-44C4-BFDF-C6ACD4FC6DC7}.Release|Any CPU.Build.0 = Release|Any CPU
		{30FCE01D-0AB5-4783-BC26-1CD8B4E5CC7F}.Debug|Any CPU.ActiveCfg = Debug|Any CPU
		{30FCE01D-0AB5-4783-BC26-1CD8B4E5CC7F}.Debug|Any CPU.Build.0 = Debug|Any CPU
		{30FCE01D-0AB5-4783-BC26-1CD8B4E5CC7F}.Release|Any CPU.ActiveCfg = Release|Any CPU
		{30FCE01D-0AB5-4783-BC26-1CD8B4E5CC7F}.Release|Any CPU.Build.0 = Release|Any CPU
		{084A7AF8-E76D-41BE-BF96-97763B2022E0}.Debug|Any CPU.ActiveCfg = Debug|Any CPU
		{084A7AF8-E76D-41BE-BF96-97763B2022E0}.Debug|Any CPU.Build.0 = Debug|Any CPU
		{084A7AF8-E76D-41BE-BF96-97763B2022E0}.Release|Any CPU.ActiveCfg = Release|Any CPU
		{084A7AF8-E76D-41BE-BF96-97763B2022E0}.Release|Any CPU.Build.0 = Release|Any CPU
	EndGlobalSection
	GlobalSection(SolutionProperties) = preSolution
		HideSolutionNode = FALSE
	EndGlobalSection
	GlobalSection(NestedProjects) = preSolution
		{6218F3F6-DD4B-489B-ADF4-E491C9C62BC3} = {D1B4D6CD-F73D-4216-AA3F-7A5B79CBB047}
		{8B92A7E3-AB92-4511-94D3-742036C2A41F} = {D1B4D6CD-F73D-4216-AA3F-7A5B79CBB047}
		{DA16D6C9-6FF6-4E04-90DA-59511DE51652} = {D1B4D6CD-F73D-4216-AA3F-7A5B79CBB047}
		{59AE3392-3EEF-48AF-94C5-349C424E5AC4} = {D1B4D6CD-F73D-4216-AA3F-7A5B79CBB047}
		{B83E2A63-EFA0-4CEA-A1E7-D1FC6E32836D} = {D1B4D6CD-F73D-4216-AA3F-7A5B79CBB047}
		{2572D7B8-A332-42ED-B72C-DA5782192C39} = {D1B4D6CD-F73D-4216-AA3F-7A5B79CBB047}
		{F0C29FFE-CD55-455B-A45E-52F853116FF8} = {8F292B41-6BD7-4AEC-AB77-B9988E820368}
		{4EC85B94-B6FF-4955-A935-D43BC0F41EF7} = {D1B4D6CD-F73D-4216-AA3F-7A5B79CBB047}
		{128BCA49-646E-4AC8-9A40-6F56852DAEB1} = {D1B4D6CD-F73D-4216-AA3F-7A5B79CBB047}
		{F2DE7FDF-86AE-4B4C-9BDA-A11478073E02} = {D1B4D6CD-F73D-4216-AA3F-7A5B79CBB047}
		{538CD587-906D-49E0-A9D0-B3BBE9147FD7} = {D1B4D6CD-F73D-4216-AA3F-7A5B79CBB047}
		{F294E647-767A-4351-BB36-1D19563EDAF0} = {12D874BB-7F7B-4D2E-AB42-2630710A8577}
		{FBF9139F-1F5F-4AF2-AF44-8EEB3F8BFF62} = {D1B4D6CD-F73D-4216-AA3F-7A5B79CBB047}
		{F6C2D993-55C7-431E-9A0E-007AA5381729} = {D1B4D6CD-F73D-4216-AA3F-7A5B79CBB047}
		{532CA014-13EB-4B5D-A297-17E367FBEAB2} = {12D874BB-7F7B-4D2E-AB42-2630710A8577}
		{8C1469EB-3A0E-4348-A9AC-D0FA2756DF2A} = {12D874BB-7F7B-4D2E-AB42-2630710A8577}
		{C9B7D6E4-0257-440F-A0CA-27077ED6A563} = {12D874BB-7F7B-4D2E-AB42-2630710A8577}
		{107200F7-F181-4C1B-8291-A4957FDF80E6} = {D1B4D6CD-F73D-4216-AA3F-7A5B79CBB047}
		{126F2FF7-E1F3-4227-A011-76D93A61A739} = {12D874BB-7F7B-4D2E-AB42-2630710A8577}
		{3D033823-7360-4A1F-AE24-C814815CB8BC} = {12D874BB-7F7B-4D2E-AB42-2630710A8577}
		{807F4C80-AE60-4DAD-AB58-5DB299A31586} = {1F67100D-811A-4A1D-B6F1-3A557F2A8C2B}
		{A12F8E4A-E8A2-4449-9D8A-4E554DFA656B} = {1F67100D-811A-4A1D-B6F1-3A557F2A8C2B}
		{1357315E-1FDD-4305-A533-EEC65A57C5B6} = {1F67100D-811A-4A1D-B6F1-3A557F2A8C2B}
		{27EAA9E8-FED3-4957-9282-F438224184C0} = {12D874BB-7F7B-4D2E-AB42-2630710A8577}
		{1D4E7DBC-F4E0-4979-A8A4-A393D8A746A2} = {12D874BB-7F7B-4D2E-AB42-2630710A8577}
		{1E59CE03-59F6-425C-9BBB-4B8C0B6DED29} = {12D874BB-7F7B-4D2E-AB42-2630710A8577}
		{820042BE-6FB9-469A-95C7-4E0B034EE4B6} = {12D874BB-7F7B-4D2E-AB42-2630710A8577}
		{C590B900-2D6D-471A-A131-9FBDE7673525} = {D1B4D6CD-F73D-4216-AA3F-7A5B79CBB047}
		{33AC5844-1F41-44C4-BFDF-C6ACD4FC6DC7} = {12D874BB-7F7B-4D2E-AB42-2630710A8577}
		{30FCE01D-0AB5-4783-BC26-1CD8B4E5CC7F} = {12D874BB-7F7B-4D2E-AB42-2630710A8577}
		{084A7AF8-E76D-41BE-BF96-97763B2022E0} = {12D874BB-7F7B-4D2E-AB42-2630710A8577}
	EndGlobalSection
	GlobalSection(ExtensibilityGlobals) = postSolution
		SolutionGuid = {826A78C7-B0DA-4D44-AF8E-BDDBFCE8F569}
	EndGlobalSection
EndGlobal
